
Microsoft Visual Studio Solution File, Format Version 12.00
# Visual Studio Version 17
VisualStudioVersion = 17.14.36109.1
MinimumVisualStudioVersion = 10.0.40219.1
Project("{FAE04EC0-301F-11D3-BF4B-00C04F79EFBC}") = "GUI_QuanLyKhachSan", "GUI_QuanLyKhachSan\GUI_QuanLyKhachSan.csproj", "{7682FE77-97EB-4C37-9FB9-9727B42F5545}"
EndProject
Project("{FAE04EC0-301F-11D3-BF4B-00C04F79EFBC}") = "BLL_QuanLyKhachSan", "BLL_QuanLyKhachSan\BLL_QuanLyKhachSan.csproj", "{0A918507-C165-4644-AFAD-B7AC746E6698}"
EndProject
Project("{FAE04EC0-301F-11D3-BF4B-00C04F79EFBC}") = "DAL_QuanLyKhachSan", "DAL_QuanLyKhachSan\DAL_QuanLyKhachSan.csproj", "{AD543B1B-801E-4316-A506-FF316E402E15}"
EndProject
Project("{FAE04EC0-301F-11D3-BF4B-00C04F79EFBC}") = "DTO_QuanLyKhachSan", "DTO_QuanLyKhachSan\DTO_QuanLyKhachSan.csproj", "{D77D5FAF-309A-44E4-BBB8-15BFF3DDE915}"
EndProject
Project("{FAE04EC0-301F-11D3-BF4B-00C04F79EFBC}") = "Util_QuanLyKhachSan", "Util_QuanLyKhachSan\Util_QuanLyKhachSan.csproj", "{847FAE42-548C-4B48-9DA6-6E5AA316C589}"
EndProject
Global
	GlobalSection(SolutionConfigurationPlatforms) = preSolution
		Debug|Any CPU = Debug|Any CPU
		Release|Any CPU = Release|Any CPU
	EndGlobalSection
	GlobalSection(ProjectConfigurationPlatforms) = postSolution
		{7682FE77-97EB-4C37-9FB9-9727B42F5545}.Debug|Any CPU.ActiveCfg = Debug|Any CPU
		{7682FE77-97EB-4C37-9FB9-9727B42F5545}.Debug|Any CPU.Build.0 = Debug|Any CPU
		{7682FE77-97EB-4C37-9FB9-9727B42F5545}.Release|Any CPU.ActiveCfg = Release|Any CPU
		{7682FE77-97EB-4C37-9FB9-9727B42F5545}.Release|Any CPU.Build.0 = Release|Any CPU
		{0A918507-C165-4644-AFAD-B7AC746E6698}.Debug|Any CPU.ActiveCfg = Debug|Any CPU
		{0A918507-C165-4644-AFAD-B7AC746E6698}.Debug|Any CPU.Build.0 = Debug|Any CPU
		{0A918507-C165-4644-AFAD-B7AC746E6698}.Release|Any CPU.ActiveCfg = Release|Any CPU
		{0A918507-C165-4644-AFAD-B7AC746E6698}.Release|Any CPU.Build.0 = Release|Any CPU
		{AD543B1B-801E-4316-A506-FF316E402E15}.Debug|Any CPU.ActiveCfg = Debug|Any CPU
		{AD543B1B-801E-4316-A506-FF316E402E15}.Debug|Any CPU.Build.0 = Debug|Any CPU
		{AD543B1B-801E-4316-A506-FF316E402E15}.Release|Any CPU.ActiveCfg = Release|Any CPU
		{AD543B1B-801E-4316-A506-FF316E402E15}.Release|Any CPU.Build.0 = Release|Any CPU
		{D77D5FAF-309A-44E4-BBB8-15BFF3DDE915}.Debug|Any CPU.ActiveCfg = Debug|Any CPU
		{D77D5FAF-309A-44E4-BBB8-15BFF3DDE915}.Debug|Any CPU.Build.0 = Debug|Any CPU
		{D77D5FAF-309A-44E4-BBB8-15BFF3DDE915}.Release|Any CPU.ActiveCfg = Release|Any CPU
		{D77D5FAF-309A-44E4-BBB8-15BFF3DDE915}.Release|Any CPU.Build.0 = Release|Any CPU
		{847FAE42-548C-4B48-9DA6-6E5AA316C589}.Debug|Any CPU.ActiveCfg = Debug|Any CPU
		{847FAE42-548C-4B48-9DA6-6E5AA316C589}.Debug|Any CPU.Build.0 = Debug|Any CPU
		{847FAE42-548C-4B48-9DA6-6E5AA316C589}.Release|Any CPU.ActiveCfg = Release|Any CPU
		{847FAE42-548C-4B48-9DA6-6E5AA316C589}.Release|Any CPU.Build.0 = Release|Any CPU
	EndGlobalSection
	GlobalSection(SolutionProperties) = preSolution
		HideSolutionNode = FALSE
	EndGlobalSection
	GlobalSection(ExtensibilityGlobals) = postSolution
		SolutionGuid = {E3509B44-9C44-4997-8E0B-06BC861D0C70}
	EndGlobalSection
EndGlobal
